// !$*UTF8*$!
{
	archiveVersion = 1;
	classes = {
	};
	objectVersion = 46;
	objects = {

/* Begin PBXBuildFile section */
		F3FE1B5E1BDF1966008EB5DA /* main.m in Sources */ = {isa = PBXBuildFile; fileRef = F3FE1B5D1BDF1966008EB5DA /* main.m */; };
		F3FE1B611BDF1966008EB5DA /* AppDelegate.m in Sources */ = {isa = PBXBuildFile; fileRef = F3FE1B601BDF1966008EB5DA /* AppDelegate.m */; };
		F3FE1B641BDF1966008EB5DA /* ViewController.m in Sources */ = {isa = PBXBuildFile; fileRef = F3FE1B631BDF1966008EB5DA /* ViewController.m */; };
		F3FE1B671BDF1966008EB5DA /* Main.storyboard in Resources */ = {isa = PBXBuildFile; fileRef = F3FE1B651BDF1966008EB5DA /* Main.storyboard */; };
		F3FE1B691BDF1966008EB5DA /* Assets.xcassets in Resources */ = {isa = PBXBuildFile; fileRef = F3FE1B681BDF1966008EB5DA /* Assets.xcassets */; };
		F3FE1B6C1BDF1966008EB5DA /* LaunchScreen.storyboard in Resources */ = {isa = PBXBuildFile; fileRef = F3FE1B6A1BDF1966008EB5DA /* LaunchScreen.storyboard */; };
/* End PBXBuildFile section */

/* Begin PBXFileReference section */
		F3FE1B591BDF1966008EB5DA /* whatshoe.app */ = {isa = PBXFileReference; explicitFileType = wrapper.application; includeInIndex = 0; path = whatshoe.app; sourceTree = BUILT_PRODUCTS_DIR; };
		F3FE1B5D1BDF1966008EB5DA /* main.m */ = {isa = PBXFileReference; lastKnownFileType = sourcecode.c.objc; path = main.m; sourceTree = "<group>"; };
		F3FE1B5F1BDF1966008EB5DA /* AppDelegate.h */ = {isa = PBXFileReference; lastKnownFileType = sourcecode.c.h; path = AppDelegate.h; sourceTree = "<group>"; };
		F3FE1B601BDF1966008EB5DA /* AppDelegate.m */ = {isa = PBXFileReference; lastKnownFileType = sourcecode.c.objc; path = AppDelegate.m; sourceTree = "<group>"; };
		F3FE1B621BDF1966008EB5DA /* ViewController.h */ = {isa = PBXFileReference; lastKnownFileType = sourcecode.c.h; path = ViewController.h; sourceTree = "<group>"; };
		F3FE1B631BDF1966008EB5DA /* ViewController.m */ = {isa = PBXFileReference; lastKnownFileType = sourcecode.c.objc; path = ViewController.m; sourceTree = "<group>"; };
		F3FE1B661BDF1966008EB5DA /* Base */ = {isa = PBXFileReference; lastKnownFileType = file.storyboard; name = Base; path = Base.lproj/Main.storyboard; sourceTree = "<group>"; };
		F3FE1B681BDF1966008EB5DA /* Assets.xcassets */ = {isa = PBXFileReference; lastKnownFileType = folder.assetcatalog; path = Assets.xcassets; sourceTree = "<group>"; };
		F3FE1B6B1BDF1966008EB5DA /* Base */ = {isa = PBXFileReference; lastKnownFileType = file.storyboard; name = Base; path = Base.lproj/LaunchScreen.storyboard; sourceTree = "<group>"; };
		F3FE1B6D1BDF1966008EB5DA /* Info.plist */ = {isa = PBXFileReference; lastKnownFileType = text.plist.xml; path = Info.plist; sourceTree = "<group>"; };
/* End PBXFileReference section */

/* Begin PBXFrameworksBuildPhase section */
		F3FE1B561BDF1966008EB5DA /* Frameworks */ = {
			isa = PBXFrameworksBuildPhase;
			buildActionMask = 2147483647;
			files = (
			);
			runOnlyForDeploymentPostprocessing = 0;
		};
/* End PBXFrameworksBuildPhase section */

/* Begin PBXGroup section */
		F3FE1B501BDF1966008EB5DA = {
			isa = PBXGroup;
			children = (
				F3FE1B5B1BDF1966008EB5DA /* whatshoe */,
				F3FE1B5A1BDF1966008EB5DA /* Products */,
			);
			sourceTree = "<group>";
		};
		F3FE1B5A1BDF1966008EB5DA /* Products */ = {
			isa = PBXGroup;
			children = (
				F3FE1B591BDF1966008EB5DA /* whatshoe.app */,
			);
			name = Products;
			sourceTree = "<group>";
		};
		F3FE1B5B1BDF1966008EB5DA /* whatshoe */ = {
			isa = PBXGroup;
			children = (
				F3FE1B5F1BDF1966008EB5DA /* AppDelegate.h */,
				F3FE1B601BDF1966008EB5DA /* AppDelegate.m */,
				F3FE1B621BDF1966008EB5DA /* ViewController.h */,
				F3FE1B631BDF1966008EB5DA /* ViewController.m */,
				F3FE1B651BDF1966008EB5DA /* Main.storyboard */,
				F3FE1B681BDF1966008EB5DA /* Assets.xcassets */,
				F3FE1B6A1BDF1966008EB5DA /* LaunchScreen.storyboard */,
				F3FE1B6D1BDF1966008EB5DA /* Info.plist */,
				F3FE1B5C1BDF1966008EB5DA /* Supporting Files */,
			);
			path = whatshoe;
			sourceTree = "<group>";
		};
		F3FE1B5C1BDF1966008EB5DA /* Supporting Files */ = {
			isa = PBXGroup;
			children = (
				F3FE1B5D1BDF1966008EB5DA /* main.m */,
			);
			name = "Supporting Files";
			sourceTree = "<group>";
		};
/* End PBXGroup section */

/* Begin PBXNativeTarget section */
		F3FE1B581BDF1966008EB5DA /* whatshoe */ = {
			isa = PBXNativeTarget;
			buildConfigurationList = F3FE1B701BDF1966008EB5DA /* Build configuration list for PBXNativeTarget "whatshoe" */;
			buildPhases = (
				F3FE1B551BDF1966008EB5DA /* Sources */,
				F3FE1B561BDF1966008EB5DA /* Frameworks */,
				F3FE1B571BDF1966008EB5DA /* Resources */,
			);
			buildRules = (
			);
			dependencies = (
			);
			name = whatshoe;
			productName = whatshoe;
			productReference = F3FE1B591BDF1966008EB5DA /* whatshoe.app */;
			productType = "com.apple.product-type.application";
		};
/* End PBXNativeTarget section */

/* Begin PBXProject section */
		F3FE1B511BDF1966008EB5DA /* Project object */ = {
			isa = PBXProject;
			attributes = {
				LastUpgradeCheck = 0710;
				ORGANIZATIONNAME = whatshoe;
				TargetAttributes = {
					F3FE1B581BDF1966008EB5DA = {
						CreatedOnToolsVersion = 7.1;
					};
				};
			};
			buildConfigurationList = F3FE1B541BDF1966008EB5DA /* Build configuration list for PBXProject "whatshoe" */;
			compatibilityVersion = "Xcode 3.2";
			developmentRegion = English;
			hasScannedForEncodings = 0;
			knownRegions = (
				en,
				Base,
			);
			mainGroup = F3FE1B501BDF1966008EB5DA;
			productRefGroup = F3FE1B5A1BDF1966008EB5DA /* Products */;
			projectDirPath = "";
			projectRoot = "";
			targets = (
				F3FE1B581BDF1966008EB5DA /* whatshoe */,
			);
		};
/* End PBXProject section */

/* Begin PBXResourcesBuildPhase section */
		F3FE1B571BDF1966008EB5DA /* Resources */ = {
			isa = PBXResourcesBuildPhase;
			buildActionMask = 2147483647;
			files = (
				F3FE1B6C1BDF1966008EB5DA /* LaunchScreen.storyboard in Resources */,
				F3FE1B691BDF1966008EB5DA /* Assets.xcassets in Resources */,
				F3FE1B671BDF1966008EB5DA /* Main.storyboard in Resources */,
			);
			runOnlyForDeploymentPostprocessing = 0;
		};
/* End PBXResourcesBuildPhase section */

/* Begin PBXSourcesBuildPhase section */
		F3FE1B551BDF1966008EB5DA /* Sources */ = {
			isa = PBXSourcesBuildPhase;
			buildActionMask = 2147483647;
			files = (
				F3FE1B641BDF1966008EB5DA /* ViewController.m in Sources */,
				F3FE1B611BDF1966008EB5DA /* AppDelegate.m in Sources */,
				F3FE1B5E1BDF1966008EB5DA /* main.m in Sources */,
			);
			runOnlyForDeploymentPostprocessing = 0;
		};
/* End PBXSourcesBuildPhase section */

/* Begin PBXVariantGroup section */
		F3FE1B651BDF1966008EB5DA /* Main.storyboard */ = {
			isa = PBXVariantGroup;
			children = (
				F3FE1B661BDF1966008EB5DA /* Base */,
			);
			name = Main.storyboard;
			sourceTree = "<group>";
		};
		F3FE1B6A1BDF1966008EB5DA /* LaunchScreen.storyboard */ = {
			isa = PBXVariantGroup;
			children = (
				F3FE1B6B1BDF1966008EB5DA /* Base */,
			);
			name = LaunchScreen.storyboard;
			sourceTree = "<group>";
		};
/* End PBXVariantGroup section */

/* Begin XCBuildConfiguration section */
		F3FE1B6E1BDF1966008EB5DA /* Debug */ = {
			isa = XCBuildConfiguration;
			buildSettings = {
				ALWAYS_SEARCH_USER_PATHS = NO;
				CLANG_CXX_LANGUAGE_STANDARD = "gnu++0x";
				CLANG_CXX_LIBRARY = "libc++";
				CLANG_ENABLE_MODULES = YES;
				CLANG_ENABLE_OBJC_ARC = YES;
				CLANG_WARN_BOOL_CONVERSION = YES;
				CLANG_WARN_CONSTANT_CONVERSION = YES;
				CLANG_WARN_DIRECT_OBJC_ISA_USAGE = YES_ERROR;
				CLANG_WARN_EMPTY_BODY = YES;
				CLANG_WARN_ENUM_CONVERSION = YES;
				CLANG_WARN_INT_CONVERSION = YES;
				CLANG_WARN_OBJC_ROOT_CLASS = YES_ERROR;
				CLANG_WARN_UNREACHABLE_CODE = YES;
				CLANG_WARN__DUPLICATE_METHOD_MATCH = YES;
				"CODE_SIGN_IDENTITY[sdk=iphoneos*]" = "iPhone Developer";
				COPY_PHASE_STRIP = NO;
				DEBUG_INFORMATION_FORMAT = dwarf;
				ENABLE_STRICT_OBJC_MSGSEND = YES;
				ENABLE_TESTABILITY = YES;
				GCC_C_LANGUAGE_STANDARD = gnu99;
				GCC_DYNAMIC_NO_PIC = NO;
				GCC_NO_COMMON_BLOCKS = YES;
				GCC_OPTIMIZATION_LEVEL = 0;
				GCC_PREPROCESSOR_DEFINITIONS = (
					"DEBUG=1",
					"$(inherited)",
				);
				GCC_WARN_64_TO_32_BIT_CONVERSION = YES;
				GCC_WARN_ABOUT_RETURN_TYPE = YES_ERROR;
				GCC_WARN_UNDECLARED_SELECTOR = YES;
				GCC_WARN_UNINITIALIZED_AUTOS = YES_AGGRESSIVE;
				GCC_WARN_UNUSED_FUNCTION = YES;
				GCC_WARN_UNUSED_VARIABLE = YES;
				IPHONEOS_DEPLOYMENT_TARGET = 9.1;
				MTL_ENABLE_DEBUG_INFO = YES;
				ONLY_ACTIVE_ARCH = YES;
				SDKROOT = iphoneos;
			};
			name = Debug;
		};
		F3FE1B6F1BDF1966008EB5DA /* Release */ = {
			isa = XCBuildConfiguration;
			buildSettings = {
				ALWAYS_SEARCH_USER_PATHS = NO;
				CLANG_CXX_LANGUAGE_STANDARD = "gnu++0x";
				CLANG_CXX_LIBRARY = "libc++";
				CLANG_ENABLE_MODULES = YES;
				CLANG_ENABLE_OBJC_ARC = YES;
				CLANG_WARN_BOOL_CONVERSION = YES;
				CLANG_WARN_CONSTANT_CONVERSION = YES;
				CLANG_WARN_DIRECT_OBJC_ISA_USAGE = YES_ERROR;
				CLANG_WARN_EMPTY_BODY = YES;
				CLANG_WARN_ENUM_CONVERSION = YES;
				CLANG_WARN_INT_CONVERSION = YES;
				CLANG_WARN_OBJC_ROOT_CLASS = YES_ERROR;
				CLANG_WARN_UNREACHABLE_CODE = YES;
				CLANG_WARN__DUPLICATE_METHOD_MATCH = YES;
				"CODE_SIGN_IDENTITY[sdk=iphoneos*]" = "iPhone Developer";
				COPY_PHASE_STRIP = NO;
				DEBUG_INFORMATION_FORMAT = "dwarf-with-dsym";
				ENABLE_NS_ASSERTIONS = NO;
				ENABLE_STRICT_OBJC_MSGSEND = YES;
				GCC_C_LANGUAGE_STANDARD = gnu99;
				GCC_NO_COMMON_BLOCKS = YES;
				GCC_WARN_64_TO_32_BIT_CONVERSION = YES;
				GCC_WARN_ABOUT_RETURN_TYPE = YES_ERROR;
				GCC_WARN_UNDECLARED_SELECTOR = YES;
				GCC_WARN_UNINITIALIZED_AUTOS = YES_AGGRESSIVE;
				GCC_WARN_UNUSED_FUNCTION = YES;
				GCC_WARN_UNUSED_VARIABLE = YES;
				IPHONEOS_DEPLOYMENT_TARGET = 9.1;
				MTL_ENABLE_DEBUG_INFO = NO;
				SDKROOT = iphoneos;
				VALIDATE_PRODUCT = YES;
			};
			name = Release;
		};
		F3FE1B711BDF1966008EB5DA /* Debug */ = {
			isa = XCBuildConfiguration;
			buildSettings = {
				ASSETCATALOG_COMPILER_APPICON_NAME = AppIcon;
				INFOPLIST_FILE = whatshoe/Info.plist;
				LD_RUNPATH_SEARCH_PATHS = "$(inherited) @executable_path/Frameworks";
				PRODUCT_BUNDLE_IDENTIFIER = kr.whatshoe.whatshoe;
				PRODUCT_NAME = "$(TARGET_NAME)";
			};
			name = Debug;
		};
		F3FE1B721BDF1966008EB5DA /* Release */ = {
			isa = XCBuildConfiguration;
			buildSettings = {
				ASSETCATALOG_COMPILER_APPICON_NAME = AppIcon;
				INFOPLIST_FILE = whatshoe/Info.plist;
				LD_RUNPATH_SEARCH_PATHS = "$(inherited) @executable_path/Frameworks";
				PRODUCT_BUNDLE_IDENTIFIER = kr.whatshoe.whatshoe;
				PRODUCT_NAME = "$(TARGET_NAME)";
			};
			name = Release;
		};
/* End XCBuildConfiguration section */

/* Begin XCConfigurationList section */
		F3FE1B541BDF1966008EB5DA /* Build configuration list for PBXProject "whatshoe" */ = {
			isa = XCConfigurationList;
			buildConfigurations = (
				F3FE1B6E1BDF1966008EB5DA /* Debug */,
				F3FE1B6F1BDF1966008EB5DA /* Release */,
			);
			defaultConfigurationIsVisible = 0;
			defaultConfigurationName = Release;
		};
		F3FE1B701BDF1966008EB5DA /* Build configuration list for PBXNativeTarget "whatshoe" */ = {
			isa = XCConfigurationList;
			buildConfigurations = (
				F3FE1B711BDF1966008EB5DA /* Debug */,
				F3FE1B721BDF1966008EB5DA /* Release */,
			);
			defaultConfigurationIsVisible = 0;
		};
/* End XCConfigurationList section */
	};
	rootObject = F3FE1B511BDF1966008EB5DA /* Project object */;
}
